// !$*UTF8*$!
{
	archiveVersion = 1;
	classes = {
	};
	objectVersion = 50;
	objects = {

/* Begin PBXBuildFile section */
		053D2CF17DE5293204FDCEBC /* Pods_RedditTests.framework in Frameworks */ = {isa = PBXBuildFile; fileRef = 5FEEA48BB41AA85F40F64AC2 /* Pods_RedditTests.framework */; };
		17EA70A9226B78D20012B2DF /* AppDelegate.swift in Sources */ = {isa = PBXBuildFile; fileRef = 17EA70A8226B78D20012B2DF /* AppDelegate.swift */; };
		17EA70AE226B78D20012B2DF /* Main.storyboard in Resources */ = {isa = PBXBuildFile; fileRef = 17EA70AC226B78D20012B2DF /* Main.storyboard */; };
		17EA70B0226B78D40012B2DF /* Assets.xcassets in Resources */ = {isa = PBXBuildFile; fileRef = 17EA70AF226B78D40012B2DF /* Assets.xcassets */; };
		17EA70B3226B78D40012B2DF /* LaunchScreen.storyboard in Resources */ = {isa = PBXBuildFile; fileRef = 17EA70B1226B78D40012B2DF /* LaunchScreen.storyboard */; };
		17EA70BE226B78D40012B2DF /* RedditTests.swift in Sources */ = {isa = PBXBuildFile; fileRef = 17EA70BD226B78D40012B2DF /* RedditTests.swift */; };
		17EA70CF226B7A570012B2DF /* RedditEntryDto.swift in Sources */ = {isa = PBXBuildFile; fileRef = 17EA70CE226B7A570012B2DF /* RedditEntryDto.swift */; };
		17EA70D1226B7A6F0012B2DF /* RedditDataDto.swift in Sources */ = {isa = PBXBuildFile; fileRef = 17EA70D0226B7A6F0012B2DF /* RedditDataDto.swift */; };
		17EA70D3226B7A880012B2DF /* RedditChildDto.swift in Sources */ = {isa = PBXBuildFile; fileRef = 17EA70D2226B7A880012B2DF /* RedditChildDto.swift */; };
		17EA70D5226B7AA90012B2DF /* RedditEntriesDto.swift in Sources */ = {isa = PBXBuildFile; fileRef = 17EA70D4226B7AA90012B2DF /* RedditEntriesDto.swift */; };
		17EA70D9226B7BA40012B2DF /* RedditBaseViewController.swift in Sources */ = {isa = PBXBuildFile; fileRef = 17EA70D8226B7BA40012B2DF /* RedditBaseViewController.swift */; };
		17EA70DB226B7BE30012B2DF /* RedditEntryListViewController.swift in Sources */ = {isa = PBXBuildFile; fileRef = 17EA70DA226B7BE30012B2DF /* RedditEntryListViewController.swift */; };
		17EA70DD226B7BFA0012B2DF /* RedditEntryDetailViewController.swift in Sources */ = {isa = PBXBuildFile; fileRef = 17EA70DC226B7BFA0012B2DF /* RedditEntryDetailViewController.swift */; };
		17EA70DF226B7C0C0012B2DF /* RedditSplitViewController.swift in Sources */ = {isa = PBXBuildFile; fileRef = 17EA70DE226B7C0C0012B2DF /* RedditSplitViewController.swift */; };
		17EA70E1226B7EDB0012B2DF /* top.json in Resources */ = {isa = PBXBuildFile; fileRef = 17EA70E0226B7EDB0012B2DF /* top.json */; };
		17EA70E3226B7F6D0012B2DF /* RedditServiceProtocol.swift in Sources */ = {isa = PBXBuildFile; fileRef = 17EA70E2226B7F6D0012B2DF /* RedditServiceProtocol.swift */; };
		17EA70E5226B7F8B0012B2DF /* RedditNetworkResult.swift in Sources */ = {isa = PBXBuildFile; fileRef = 17EA70E4226B7F8B0012B2DF /* RedditNetworkResult.swift */; };
		17EA70E7226B7FA50012B2DF /* RedditService.swift in Sources */ = {isa = PBXBuildFile; fileRef = 17EA70E6226B7FA50012B2DF /* RedditService.swift */; };
		17EA70E9226B80F20012B2DF /* RedditEntriesPresenter.swift in Sources */ = {isa = PBXBuildFile; fileRef = 17EA70E8226B80F20012B2DF /* RedditEntriesPresenter.swift */; };
		17EA70EB226B813A0012B2DF /* RedditEntriesViewProtocol.swift in Sources */ = {isa = PBXBuildFile; fileRef = 17EA70EA226B813A0012B2DF /* RedditEntriesViewProtocol.swift */; };
		17EA70F1226B83810012B2DF /* RedditEntryTableViewCell.swift in Sources */ = {isa = PBXBuildFile; fileRef = 17EA70F0226B83810012B2DF /* RedditEntryTableViewCell.swift */; };
		17EA70F5226B855A0012B2DF /* RedditImageViewDecorator.swift in Sources */ = {isa = PBXBuildFile; fileRef = 17EA70F4226B855A0012B2DF /* RedditImageViewDecorator.swift */; };
		17EA70F7226B857B0012B2DF /* RedditDateDecorator.swift in Sources */ = {isa = PBXBuildFile; fileRef = 17EA70F6226B857B0012B2DF /* RedditDateDecorator.swift */; };
		60FD45890BD6C931FF5D9088 /* Pods_Reddit.framework in Frameworks */ = {isa = PBXBuildFile; fileRef = FDA47BCD9ED92FED94A7AEBC /* Pods_Reddit.framework */; };
/* End PBXBuildFile section */

/* Begin PBXContainerItemProxy section */
		17EA70BA226B78D40012B2DF /* PBXContainerItemProxy */ = {
			isa = PBXContainerItemProxy;
			containerPortal = 17EA709D226B78D20012B2DF /* Project object */;
			proxyType = 1;
			remoteGlobalIDString = 17EA70A4226B78D20012B2DF;
			remoteInfo = Reddit;
		};
/* End PBXContainerItemProxy section */

/* Begin PBXFileReference section */
		17EA70A5226B78D20012B2DF /* Reddit.app */ = {isa = PBXFileReference; explicitFileType = wrapper.application; includeInIndex = 0; path = Reddit.app; sourceTree = BUILT_PRODUCTS_DIR; };
		17EA70A8226B78D20012B2DF /* AppDelegate.swift */ = {isa = PBXFileReference; lastKnownFileType = sourcecode.swift; path = AppDelegate.swift; sourceTree = "<group>"; };
		17EA70AD226B78D20012B2DF /* Base */ = {isa = PBXFileReference; lastKnownFileType = file.storyboard; name = Base; path = Base.lproj/Main.storyboard; sourceTree = "<group>"; };
		17EA70AF226B78D40012B2DF /* Assets.xcassets */ = {isa = PBXFileReference; lastKnownFileType = folder.assetcatalog; path = Assets.xcassets; sourceTree = "<group>"; };
		17EA70B2226B78D40012B2DF /* Base */ = {isa = PBXFileReference; lastKnownFileType = file.storyboard; name = Base; path = Base.lproj/LaunchScreen.storyboard; sourceTree = "<group>"; };
		17EA70B4226B78D40012B2DF /* Info.plist */ = {isa = PBXFileReference; lastKnownFileType = text.plist.xml; path = Info.plist; sourceTree = "<group>"; };
		17EA70B9226B78D40012B2DF /* RedditTests.xctest */ = {isa = PBXFileReference; explicitFileType = wrapper.cfbundle; includeInIndex = 0; path = RedditTests.xctest; sourceTree = BUILT_PRODUCTS_DIR; };
		17EA70BD226B78D40012B2DF /* RedditTests.swift */ = {isa = PBXFileReference; lastKnownFileType = sourcecode.swift; path = RedditTests.swift; sourceTree = "<group>"; };
		17EA70BF226B78D40012B2DF /* Info.plist */ = {isa = PBXFileReference; lastKnownFileType = text.plist.xml; path = Info.plist; sourceTree = "<group>"; };
		17EA70CE226B7A570012B2DF /* RedditEntryDto.swift */ = {isa = PBXFileReference; lastKnownFileType = sourcecode.swift; path = RedditEntryDto.swift; sourceTree = "<group>"; };
		17EA70D0226B7A6F0012B2DF /* RedditDataDto.swift */ = {isa = PBXFileReference; lastKnownFileType = sourcecode.swift; path = RedditDataDto.swift; sourceTree = "<group>"; };
		17EA70D2226B7A880012B2DF /* RedditChildDto.swift */ = {isa = PBXFileReference; lastKnownFileType = sourcecode.swift; path = RedditChildDto.swift; sourceTree = "<group>"; };
		17EA70D4226B7AA90012B2DF /* RedditEntriesDto.swift */ = {isa = PBXFileReference; lastKnownFileType = sourcecode.swift; path = RedditEntriesDto.swift; sourceTree = "<group>"; };
		17EA70D8226B7BA40012B2DF /* RedditBaseViewController.swift */ = {isa = PBXFileReference; lastKnownFileType = sourcecode.swift; path = RedditBaseViewController.swift; sourceTree = "<group>"; };
		17EA70DA226B7BE30012B2DF /* RedditEntryListViewController.swift */ = {isa = PBXFileReference; lastKnownFileType = sourcecode.swift; path = RedditEntryListViewController.swift; sourceTree = "<group>"; };
		17EA70DC226B7BFA0012B2DF /* RedditEntryDetailViewController.swift */ = {isa = PBXFileReference; lastKnownFileType = sourcecode.swift; path = RedditEntryDetailViewController.swift; sourceTree = "<group>"; };
		17EA70DE226B7C0C0012B2DF /* RedditSplitViewController.swift */ = {isa = PBXFileReference; lastKnownFileType = sourcecode.swift; path = RedditSplitViewController.swift; sourceTree = "<group>"; };
		17EA70E0226B7EDB0012B2DF /* top.json */ = {isa = PBXFileReference; lastKnownFileType = text.json; path = top.json; sourceTree = "<group>"; };
		17EA70E2226B7F6D0012B2DF /* RedditServiceProtocol.swift */ = {isa = PBXFileReference; lastKnownFileType = sourcecode.swift; path = RedditServiceProtocol.swift; sourceTree = "<group>"; };
		17EA70E4226B7F8B0012B2DF /* RedditNetworkResult.swift */ = {isa = PBXFileReference; lastKnownFileType = sourcecode.swift; path = RedditNetworkResult.swift; sourceTree = "<group>"; };
		17EA70E6226B7FA50012B2DF /* RedditService.swift */ = {isa = PBXFileReference; lastKnownFileType = sourcecode.swift; path = RedditService.swift; sourceTree = "<group>"; };
		17EA70E8226B80F20012B2DF /* RedditEntriesPresenter.swift */ = {isa = PBXFileReference; lastKnownFileType = sourcecode.swift; path = RedditEntriesPresenter.swift; sourceTree = "<group>"; };
		17EA70EA226B813A0012B2DF /* RedditEntriesViewProtocol.swift */ = {isa = PBXFileReference; lastKnownFileType = sourcecode.swift; path = RedditEntriesViewProtocol.swift; sourceTree = "<group>"; };
		17EA70F0226B83810012B2DF /* RedditEntryTableViewCell.swift */ = {isa = PBXFileReference; lastKnownFileType = sourcecode.swift; path = RedditEntryTableViewCell.swift; sourceTree = "<group>"; };
		17EA70F4226B855A0012B2DF /* RedditImageViewDecorator.swift */ = {isa = PBXFileReference; lastKnownFileType = sourcecode.swift; path = RedditImageViewDecorator.swift; sourceTree = "<group>"; };
		17EA70F6226B857B0012B2DF /* RedditDateDecorator.swift */ = {isa = PBXFileReference; lastKnownFileType = sourcecode.swift; path = RedditDateDecorator.swift; sourceTree = "<group>"; };
		2F6C63325009568690B46D13 /* Pods-RedditTests.release.xcconfig */ = {isa = PBXFileReference; includeInIndex = 1; lastKnownFileType = text.xcconfig; name = "Pods-RedditTests.release.xcconfig"; path = "Pods/Target Support Files/Pods-RedditTests/Pods-RedditTests.release.xcconfig"; sourceTree = "<group>"; };
		4A5CCC42394D6DA664E2D9E7 /* Pods-RedditTests.debug.xcconfig */ = {isa = PBXFileReference; includeInIndex = 1; lastKnownFileType = text.xcconfig; name = "Pods-RedditTests.debug.xcconfig"; path = "Pods/Target Support Files/Pods-RedditTests/Pods-RedditTests.debug.xcconfig"; sourceTree = "<group>"; };
		5FEEA48BB41AA85F40F64AC2 /* Pods_RedditTests.framework */ = {isa = PBXFileReference; explicitFileType = wrapper.framework; includeInIndex = 0; path = Pods_RedditTests.framework; sourceTree = BUILT_PRODUCTS_DIR; };
		B6947684195C9F9E21B498CB /* Pods-Reddit.release.xcconfig */ = {isa = PBXFileReference; includeInIndex = 1; lastKnownFileType = text.xcconfig; name = "Pods-Reddit.release.xcconfig"; path = "Pods/Target Support Files/Pods-Reddit/Pods-Reddit.release.xcconfig"; sourceTree = "<group>"; };
		D2E0C92F8B520E1D44DA1C93 /* Pods-Reddit.debug.xcconfig */ = {isa = PBXFileReference; includeInIndex = 1; lastKnownFileType = text.xcconfig; name = "Pods-Reddit.debug.xcconfig"; path = "Pods/Target Support Files/Pods-Reddit/Pods-Reddit.debug.xcconfig"; sourceTree = "<group>"; };
		FDA47BCD9ED92FED94A7AEBC /* Pods_Reddit.framework */ = {isa = PBXFileReference; explicitFileType = wrapper.framework; includeInIndex = 0; path = Pods_Reddit.framework; sourceTree = BUILT_PRODUCTS_DIR; };
/* End PBXFileReference section */

/* Begin PBXFrameworksBuildPhase section */
		17EA70A2226B78D20012B2DF /* Frameworks */ = {
			isa = PBXFrameworksBuildPhase;
			buildActionMask = 2147483647;
			files = (
				60FD45890BD6C931FF5D9088 /* Pods_Reddit.framework in Frameworks */,
			);
			runOnlyForDeploymentPostprocessing = 0;
		};
		17EA70B6226B78D40012B2DF /* Frameworks */ = {
			isa = PBXFrameworksBuildPhase;
			buildActionMask = 2147483647;
			files = (
				053D2CF17DE5293204FDCEBC /* Pods_RedditTests.framework in Frameworks */,
			);
			runOnlyForDeploymentPostprocessing = 0;
		};
/* End PBXFrameworksBuildPhase section */

/* Begin PBXGroup section */
		17EA709C226B78D20012B2DF = {
			isa = PBXGroup;
			children = (
				17EA70A7226B78D20012B2DF /* Reddit */,
				17EA70BC226B78D40012B2DF /* RedditTests */,
				17EA70A6226B78D20012B2DF /* Products */,
				FAACDD91C8D868307E824D5C /* Pods */,
				D6140E081677EB05370B0427 /* Frameworks */,
			);
			sourceTree = "<group>";
		};
		17EA70A6226B78D20012B2DF /* Products */ = {
			isa = PBXGroup;
			children = (
				17EA70A5226B78D20012B2DF /* Reddit.app */,
				17EA70B9226B78D40012B2DF /* RedditTests.xctest */,
			);
			name = Products;
			sourceTree = "<group>";
		};
		17EA70A7226B78D20012B2DF /* Reddit */ = {
			isa = PBXGroup;
			children = (
				17EA70CD226B7A3E0012B2DF /* Utils */,
				17EA70CC226B7A350012B2DF /* CustomViews */,
				17EA70CB226B7A2F0012B2DF /* Services */,
				17EA70CA226B7A270012B2DF /* Models */,
				17EA70C9226B7A1F0012B2DF /* Presenters */,
				17EA70C8226B7A160012B2DF /* ViewControllers */,
				17EA70A8226B78D20012B2DF /* AppDelegate.swift */,
				17EA70AC226B78D20012B2DF /* Main.storyboard */,
				17EA70AF226B78D40012B2DF /* Assets.xcassets */,
				17EA70B1226B78D40012B2DF /* LaunchScreen.storyboard */,
				17EA70B4226B78D40012B2DF /* Info.plist */,
			);
			path = Reddit;
			sourceTree = "<group>";
		};
		17EA70BC226B78D40012B2DF /* RedditTests */ = {
			isa = PBXGroup;
			children = (
				17EA70BD226B78D40012B2DF /* RedditTests.swift */,
				17EA70BF226B78D40012B2DF /* Info.plist */,
				17EA70E0226B7EDB0012B2DF /* top.json */,
			);
			path = RedditTests;
			sourceTree = "<group>";
		};
		17EA70C8226B7A160012B2DF /* ViewControllers */ = {
			isa = PBXGroup;
			children = (
				17EA70D8226B7BA40012B2DF /* RedditBaseViewController.swift */,
				17EA70DA226B7BE30012B2DF /* RedditEntryListViewController.swift */,
				17EA70DC226B7BFA0012B2DF /* RedditEntryDetailViewController.swift */,
				17EA70DE226B7C0C0012B2DF /* RedditSplitViewController.swift */,
				17EA70EA226B813A0012B2DF /* RedditEntriesViewProtocol.swift */,
			);
			path = ViewControllers;
			sourceTree = "<group>";
		};
		17EA70C9226B7A1F0012B2DF /* Presenters */ = {
			isa = PBXGroup;
			children = (
				17EA70E8226B80F20012B2DF /* RedditEntriesPresenter.swift */,
			);
			path = Presenters;
			sourceTree = "<group>";
		};
		17EA70CA226B7A270012B2DF /* Models */ = {
			isa = PBXGroup;
			children = (
				17EA70CE226B7A570012B2DF /* RedditEntryDto.swift */,
				17EA70D0226B7A6F0012B2DF /* RedditDataDto.swift */,
				17EA70D2226B7A880012B2DF /* RedditChildDto.swift */,
				17EA70D4226B7AA90012B2DF /* RedditEntriesDto.swift */,
			);
			path = Models;
			sourceTree = "<group>";
		};
		17EA70CB226B7A2F0012B2DF /* Services */ = {
			isa = PBXGroup;
			children = (
				17EA70E2226B7F6D0012B2DF /* RedditServiceProtocol.swift */,
				17EA70E4226B7F8B0012B2DF /* RedditNetworkResult.swift */,
				17EA70E6226B7FA50012B2DF /* RedditService.swift */,
			);
			path = Services;
			sourceTree = "<group>";
		};
		17EA70CC226B7A350012B2DF /* CustomViews */ = {
			isa = PBXGroup;
			children = (
				17EA70F0226B83810012B2DF /* RedditEntryTableViewCell.swift */,
			);
			path = CustomViews;
			sourceTree = "<group>";
		};
		17EA70CD226B7A3E0012B2DF /* Utils */ = {
			isa = PBXGroup;
			children = (
				17EA70F4226B855A0012B2DF /* RedditImageViewDecorator.swift */,
				17EA70F6226B857B0012B2DF /* RedditDateDecorator.swift */,
			);
			path = Utils;
			sourceTree = "<group>";
		};
		D6140E081677EB05370B0427 /* Frameworks */ = {
			isa = PBXGroup;
			children = (
				FDA47BCD9ED92FED94A7AEBC /* Pods_Reddit.framework */,
				5FEEA48BB41AA85F40F64AC2 /* Pods_RedditTests.framework */,
			);
			name = Frameworks;
			sourceTree = "<group>";
		};
		FAACDD91C8D868307E824D5C /* Pods */ = {
			isa = PBXGroup;
			children = (
				D2E0C92F8B520E1D44DA1C93 /* Pods-Reddit.debug.xcconfig */,
				B6947684195C9F9E21B498CB /* Pods-Reddit.release.xcconfig */,
				4A5CCC42394D6DA664E2D9E7 /* Pods-RedditTests.debug.xcconfig */,
				2F6C63325009568690B46D13 /* Pods-RedditTests.release.xcconfig */,
			);
			name = Pods;
			sourceTree = "<group>";
		};
/* End PBXGroup section */

/* Begin PBXNativeTarget section */
		17EA70A4226B78D20012B2DF /* Reddit */ = {
			isa = PBXNativeTarget;
			buildConfigurationList = 17EA70C2226B78D40012B2DF /* Build configuration list for PBXNativeTarget "Reddit" */;
			buildPhases = (
				53F063774DB610C6EEC5851D /* [CP] Check Pods Manifest.lock */,
				17EA70A1226B78D20012B2DF /* Sources */,
				17EA70A2226B78D20012B2DF /* Frameworks */,
				17EA70A3226B78D20012B2DF /* Resources */,
			);
			buildRules = (
			);
			dependencies = (
			);
			name = Reddit;
			productName = Reddit;
			productReference = 17EA70A5226B78D20012B2DF /* Reddit.app */;
			productType = "com.apple.product-type.application";
		};
		17EA70B8226B78D40012B2DF /* RedditTests */ = {
			isa = PBXNativeTarget;
			buildConfigurationList = 17EA70C5226B78D40012B2DF /* Build configuration list for PBXNativeTarget "RedditTests" */;
			buildPhases = (
				CE1E479663C06749CCAE265E /* [CP] Check Pods Manifest.lock */,
				17EA70B5226B78D40012B2DF /* Sources */,
				17EA70B6226B78D40012B2DF /* Frameworks */,
				17EA70B7226B78D40012B2DF /* Resources */,
			);
			buildRules = (
			);
			dependencies = (
				17EA70BB226B78D40012B2DF /* PBXTargetDependency */,
			);
			name = RedditTests;
			productName = RedditTests;
			productReference = 17EA70B9226B78D40012B2DF /* RedditTests.xctest */;
			productType = "com.apple.product-type.bundle.unit-test";
		};
/* End PBXNativeTarget section */

/* Begin PBXProject section */
		17EA709D226B78D20012B2DF /* Project object */ = {
			isa = PBXProject;
			attributes = {
				LastSwiftUpdateCheck = 1010;
				LastUpgradeCheck = 1010;
				ORGANIZATIONNAME = "Juan Ortiz";
				TargetAttributes = {
					17EA70A4226B78D20012B2DF = {
						CreatedOnToolsVersion = 10.1;
					};
					17EA70B8226B78D40012B2DF = {
						CreatedOnToolsVersion = 10.1;
						TestTargetID = 17EA70A4226B78D20012B2DF;
					};
				};
			};
			buildConfigurationList = 17EA70A0226B78D20012B2DF /* Build configuration list for PBXProject "Reddit" */;
			compatibilityVersion = "Xcode 9.3";
			developmentRegion = en;
			hasScannedForEncodings = 0;
			knownRegions = (
				en,
				Base,
			);
			mainGroup = 17EA709C226B78D20012B2DF;
			productRefGroup = 17EA70A6226B78D20012B2DF /* Products */;
			projectDirPath = "";
			projectRoot = "";
			targets = (
				17EA70A4226B78D20012B2DF /* Reddit */,
				17EA70B8226B78D40012B2DF /* RedditTests */,
			);
		};
/* End PBXProject section */

/* Begin PBXResourcesBuildPhase section */
		17EA70A3226B78D20012B2DF /* Resources */ = {
			isa = PBXResourcesBuildPhase;
			buildActionMask = 2147483647;
			files = (
				17EA70B3226B78D40012B2DF /* LaunchScreen.storyboard in Resources */,
				17EA70B0226B78D40012B2DF /* Assets.xcassets in Resources */,
				17EA70AE226B78D20012B2DF /* Main.storyboard in Resources */,
			);
			runOnlyForDeploymentPostprocessing = 0;
		};
		17EA70B7226B78D40012B2DF /* Resources */ = {
			isa = PBXResourcesBuildPhase;
			buildActionMask = 2147483647;
			files = (
				17EA70E1226B7EDB0012B2DF /* top.json in Resources */,
			);
			runOnlyForDeploymentPostprocessing = 0;
		};
/* End PBXResourcesBuildPhase section */

/* Begin PBXShellScriptBuildPhase section */
		53F063774DB610C6EEC5851D /* [CP] Check Pods Manifest.lock */ = {
			isa = PBXShellScriptBuildPhase;
			buildActionMask = 2147483647;
			files = (
			);
			inputFileListPaths = (
			);
			inputPaths = (
				"${PODS_PODFILE_DIR_PATH}/Podfile.lock",
				"${PODS_ROOT}/Manifest.lock",
			);
			name = "[CP] Check Pods Manifest.lock";
			outputFileListPaths = (
			);
			outputPaths = (
				"$(DERIVED_FILE_DIR)/Pods-Reddit-checkManifestLockResult.txt",
			);
			runOnlyForDeploymentPostprocessing = 0;
			shellPath = /bin/sh;
			shellScript = "diff \"${PODS_PODFILE_DIR_PATH}/Podfile.lock\" \"${PODS_ROOT}/Manifest.lock\" > /dev/null\nif [ $? != 0 ] ; then\n    # print error to STDERR\n    echo \"error: The sandbox is not in sync with the Podfile.lock. Run 'pod install' or update your CocoaPods installation.\" >&2\n    exit 1\nfi\n# This output is used by Xcode 'outputs' to avoid re-running this script phase.\necho \"SUCCESS\" > \"${SCRIPT_OUTPUT_FILE_0}\"\n";
			showEnvVarsInLog = 0;
		};
		CE1E479663C06749CCAE265E /* [CP] Check Pods Manifest.lock */ = {
			isa = PBXShellScriptBuildPhase;
			buildActionMask = 2147483647;
			files = (
			);
			inputFileListPaths = (
			);
			inputPaths = (
				"${PODS_PODFILE_DIR_PATH}/Podfile.lock",
				"${PODS_ROOT}/Manifest.lock",
			);
			name = "[CP] Check Pods Manifest.lock";
			outputFileListPaths = (
			);
			outputPaths = (
				"$(DERIVED_FILE_DIR)/Pods-RedditTests-checkManifestLockResult.txt",
			);
			runOnlyForDeploymentPostprocessing = 0;
			shellPath = /bin/sh;
			shellScript = "diff \"${PODS_PODFILE_DIR_PATH}/Podfile.lock\" \"${PODS_ROOT}/Manifest.lock\" > /dev/null\nif [ $? != 0 ] ; then\n    # print error to STDERR\n    echo \"error: The sandbox is not in sync with the Podfile.lock. Run 'pod install' or update your CocoaPods installation.\" >&2\n    exit 1\nfi\n# This output is used by Xcode 'outputs' to avoid re-running this script phase.\necho \"SUCCESS\" > \"${SCRIPT_OUTPUT_FILE_0}\"\n";
			showEnvVarsInLog = 0;
		};
/* End PBXShellScriptBuildPhase section */

/* Begin PBXSourcesBuildPhase section */
		17EA70A1226B78D20012B2DF /* Sources */ = {
			isa = PBXSourcesBuildPhase;
			buildActionMask = 2147483647;
			files = (
				17EA70E5226B7F8B0012B2DF /* RedditNetworkResult.swift in Sources */,
				17EA70EB226B813A0012B2DF /* RedditEntriesViewProtocol.swift in Sources */,
				17EA70A9226B78D20012B2DF /* AppDelegate.swift in Sources */,
				17EA70D5226B7AA90012B2DF /* RedditEntriesDto.swift in Sources */,
				17EA70E3226B7F6D0012B2DF /* RedditServiceProtocol.swift in Sources */,
				17EA70DF226B7C0C0012B2DF /* RedditSplitViewController.swift in Sources */,
				17EA70F5226B855A0012B2DF /* RedditImageViewDecorator.swift in Sources */,
				17EA70CF226B7A570012B2DF /* RedditEntryDto.swift in Sources */,
				17EA70F7226B857B0012B2DF /* RedditDateDecorator.swift in Sources */,
				17EA70D1226B7A6F0012B2DF /* RedditDataDto.swift in Sources */,
				17EA70DD226B7BFA0012B2DF /* RedditEntryDetailViewController.swift in Sources */,
				17EA70F1226B83810012B2DF /* RedditEntryTableViewCell.swift in Sources */,
				17EA70E9226B80F20012B2DF /* RedditEntriesPresenter.swift in Sources */,
				17EA70D3226B7A880012B2DF /* RedditChildDto.swift in Sources */,
				17EA70D9226B7BA40012B2DF /* RedditBaseViewController.swift in Sources */,
				17EA70E7226B7FA50012B2DF /* RedditService.swift in Sources */,
				17EA70DB226B7BE30012B2DF /* RedditEntryListViewController.swift in Sources */,
			);
			runOnlyForDeploymentPostprocessing = 0;
		};
		17EA70B5226B78D40012B2DF /* Sources */ = {
			isa = PBXSourcesBuildPhase;
			buildActionMask = 2147483647;
			files = (
				17EA70BE226B78D40012B2DF /* RedditTests.swift in Sources */,
			);
			runOnlyForDeploymentPostprocessing = 0;
		};
/* End PBXSourcesBuildPhase section */

/* Begin PBXTargetDependency section */
		17EA70BB226B78D40012B2DF /* PBXTargetDependency */ = {
			isa = PBXTargetDependency;
			target = 17EA70A4226B78D20012B2DF /* Reddit */;
			targetProxy = 17EA70BA226B78D40012B2DF /* PBXContainerItemProxy */;
		};
/* End PBXTargetDependency section */

/* Begin PBXVariantGroup section */
		17EA70AC226B78D20012B2DF /* Main.storyboard */ = {
			isa = PBXVariantGroup;
			children = (
				17EA70AD226B78D20012B2DF /* Base */,
			);
			name = Main.storyboard;
			sourceTree = "<group>";
		};
		17EA70B1226B78D40012B2DF /* LaunchScreen.storyboard */ = {
			isa = PBXVariantGroup;
			children = (
				17EA70B2226B78D40012B2DF /* Base */,
			);
			name = LaunchScreen.storyboard;
			sourceTree = "<group>";
		};
/* End PBXVariantGroup section */

/* Begin XCBuildConfiguration section */
		17EA70C0226B78D40012B2DF /* Debug */ = {
			isa = XCBuildConfiguration;
			buildSettings = {
				ALWAYS_SEARCH_USER_PATHS = NO;
				CLANG_ANALYZER_NONNULL = YES;
				CLANG_ANALYZER_NUMBER_OBJECT_CONVERSION = YES_AGGRESSIVE;
				CLANG_CXX_LANGUAGE_STANDARD = "gnu++14";
				CLANG_CXX_LIBRARY = "libc++";
				CLANG_ENABLE_MODULES = YES;
				CLANG_ENABLE_OBJC_ARC = YES;
				CLANG_ENABLE_OBJC_WEAK = YES;
				CLANG_WARN_BLOCK_CAPTURE_AUTORELEASING = YES;
				CLANG_WARN_BOOL_CONVERSION = YES;
				CLANG_WARN_COMMA = YES;
				CLANG_WARN_CONSTANT_CONVERSION = YES;
				CLANG_WARN_DEPRECATED_OBJC_IMPLEMENTATIONS = YES;
				CLANG_WARN_DIRECT_OBJC_ISA_USAGE = YES_ERROR;
				CLANG_WARN_DOCUMENTATION_COMMENTS = YES;
				CLANG_WARN_EMPTY_BODY = YES;
				CLANG_WARN_ENUM_CONVERSION = YES;
				CLANG_WARN_INFINITE_RECURSION = YES;
				CLANG_WARN_INT_CONVERSION = YES;
				CLANG_WARN_NON_LITERAL_NULL_CONVERSION = YES;
				CLANG_WARN_OBJC_IMPLICIT_RETAIN_SELF = YES;
				CLANG_WARN_OBJC_LITERAL_CONVERSION = YES;
				CLANG_WARN_OBJC_ROOT_CLASS = YES_ERROR;
				CLANG_WARN_RANGE_LOOP_ANALYSIS = YES;
				CLANG_WARN_STRICT_PROTOTYPES = YES;
				CLANG_WARN_SUSPICIOUS_MOVE = YES;
				CLANG_WARN_UNGUARDED_AVAILABILITY = YES_AGGRESSIVE;
				CLANG_WARN_UNREACHABLE_CODE = YES;
				CLANG_WARN__DUPLICATE_METHOD_MATCH = YES;
				CODE_SIGN_IDENTITY = "iPhone Developer";
				COPY_PHASE_STRIP = NO;
				DEBUG_INFORMATION_FORMAT = dwarf;
				ENABLE_STRICT_OBJC_MSGSEND = YES;
				ENABLE_TESTABILITY = YES;
				GCC_C_LANGUAGE_STANDARD = gnu11;
				GCC_DYNAMIC_NO_PIC = NO;
				GCC_NO_COMMON_BLOCKS = YES;
				GCC_OPTIMIZATION_LEVEL = 0;
				GCC_PREPROCESSOR_DEFINITIONS = (
					"DEBUG=1",
					"$(inherited)",
				);
				GCC_WARN_64_TO_32_BIT_CONVERSION = YES;
				GCC_WARN_ABOUT_RETURN_TYPE = YES_ERROR;
				GCC_WARN_UNDECLARED_SELECTOR = YES;
				GCC_WARN_UNINITIALIZED_AUTOS = YES_AGGRESSIVE;
				GCC_WARN_UNUSED_FUNCTION = YES;
				GCC_WARN_UNUSED_VARIABLE = YES;
				IPHONEOS_DEPLOYMENT_TARGET = 12.1;
				MTL_ENABLE_DEBUG_INFO = INCLUDE_SOURCE;
				MTL_FAST_MATH = YES;
				ONLY_ACTIVE_ARCH = YES;
				SDKROOT = iphoneos;
				SWIFT_ACTIVE_COMPILATION_CONDITIONS = DEBUG;
				SWIFT_OPTIMIZATION_LEVEL = "-Onone";
			};
			name = Debug;
		};
		17EA70C1226B78D40012B2DF /* Release */ = {
			isa = XCBuildConfiguration;
			buildSettings = {
				ALWAYS_SEARCH_USER_PATHS = NO;
				CLANG_ANALYZER_NONNULL = YES;
				CLANG_ANALYZER_NUMBER_OBJECT_CONVERSION = YES_AGGRESSIVE;
				CLANG_CXX_LANGUAGE_STANDARD = "gnu++14";
				CLANG_CXX_LIBRARY = "libc++";
				CLANG_ENABLE_MODULES = YES;
				CLANG_ENABLE_OBJC_ARC = YES;
				CLANG_ENABLE_OBJC_WEAK = YES;
				CLANG_WARN_BLOCK_CAPTURE_AUTORELEASING = YES;
				CLANG_WARN_BOOL_CONVERSION = YES;
				CLANG_WARN_COMMA = YES;
				CLANG_WARN_CONSTANT_CONVERSION = YES;
				CLANG_WARN_DEPRECATED_OBJC_IMPLEMENTATIONS = YES;
				CLANG_WARN_DIRECT_OBJC_ISA_USAGE = YES_ERROR;
				CLANG_WARN_DOCUMENTATION_COMMENTS = YES;
				CLANG_WARN_EMPTY_BODY = YES;
				CLANG_WARN_ENUM_CONVERSION = YES;
				CLANG_WARN_INFINITE_RECURSION = YES;
				CLANG_WARN_INT_CONVERSION = YES;
				CLANG_WARN_NON_LITERAL_NULL_CONVERSION = YES;
				CLANG_WARN_OBJC_IMPLICIT_RETAIN_SELF = YES;
				CLANG_WARN_OBJC_LITERAL_CONVERSION = YES;
				CLANG_WARN_OBJC_ROOT_CLASS = YES_ERROR;
				CLANG_WARN_RANGE_LOOP_ANALYSIS = YES;
				CLANG_WARN_STRICT_PROTOTYPES = YES;
				CLANG_WARN_SUSPICIOUS_MOVE = YES;
				CLANG_WARN_UNGUARDED_AVAILABILITY = YES_AGGRESSIVE;
				CLANG_WARN_UNREACHABLE_CODE = YES;
				CLANG_WARN__DUPLICATE_METHOD_MATCH = YES;
				CODE_SIGN_IDENTITY = "iPhone Developer";
				COPY_PHASE_STRIP = NO;
				DEBUG_INFORMATION_FORMAT = "dwarf-with-dsym";
				ENABLE_NS_ASSERTIONS = NO;
				ENABLE_STRICT_OBJC_MSGSEND = YES;
				GCC_C_LANGUAGE_STANDARD = gnu11;
				GCC_NO_COMMON_BLOCKS = YES;
				GCC_WARN_64_TO_32_BIT_CONVERSION = YES;
				GCC_WARN_ABOUT_RETURN_TYPE = YES_ERROR;
				GCC_WARN_UNDECLARED_SELECTOR = YES;
				GCC_WARN_UNINITIALIZED_AUTOS = YES_AGGRESSIVE;
				GCC_WARN_UNUSED_FUNCTION = YES;
				GCC_WARN_UNUSED_VARIABLE = YES;
				IPHONEOS_DEPLOYMENT_TARGET = 12.1;
				MTL_ENABLE_DEBUG_INFO = NO;
				MTL_FAST_MATH = YES;
				SDKROOT = iphoneos;
				SWIFT_COMPILATION_MODE = wholemodule;
				SWIFT_OPTIMIZATION_LEVEL = "-O";
				VALIDATE_PRODUCT = YES;
			};
			name = Release;
		};
		17EA70C3226B78D40012B2DF /* Debug */ = {
			isa = XCBuildConfiguration;
			baseConfigurationReference = D2E0C92F8B520E1D44DA1C93 /* Pods-Reddit.debug.xcconfig */;
			buildSettings = {
				ASSETCATALOG_COMPILER_APPICON_NAME = AppIcon;
				CODE_SIGN_STYLE = Automatic;
				DEVELOPMENT_TEAM = AMK76847UA;
				INFOPLIST_FILE = Reddit/Info.plist;
				LD_RUNPATH_SEARCH_PATHS = (
					"$(inherited)",
					"@executable_path/Frameworks",
				);
				PRODUCT_BUNDLE_IDENTIFIER = com.juanortiz.reddit.Reddit;
				PRODUCT_NAME = "$(TARGET_NAME)";
				SWIFT_VERSION = 4.2;
				TARGETED_DEVICE_FAMILY = "1,2";
			};
			name = Debug;
		};
		17EA70C4226B78D40012B2DF /* Release */ = {
			isa = XCBuildConfiguration;
			baseConfigurationReference = B6947684195C9F9E21B498CB /* Pods-Reddit.release.xcconfig */;
			buildSettings = {
				ASSETCATALOG_COMPILER_APPICON_NAME = AppIcon;
				CODE_SIGN_STYLE = Automatic;
				DEVELOPMENT_TEAM = AMK76847UA;
				INFOPLIST_FILE = Reddit/Info.plist;
				LD_RUNPATH_SEARCH_PATHS = (
					"$(inherited)",
					"@executable_path/Frameworks",
				);
				PRODUCT_BUNDLE_IDENTIFIER = com.juanortiz.reddit.Reddit;
				PRODUCT_NAME = "$(TARGET_NAME)";
				SWIFT_VERSION = 4.2;
				TARGETED_DEVICE_FAMILY = "1,2";
			};
			name = Release;
		};
		17EA70C6226B78D40012B2DF /* Debug */ = {
			isa = XCBuildConfiguration;
			baseConfigurationReference = 4A5CCC42394D6DA664E2D9E7 /* Pods-RedditTests.debug.xcconfig */;
			buildSettings = {
				ALWAYS_EMBED_SWIFT_STANDARD_LIBRARIES = YES;
				BUNDLE_LOADER = "$(TEST_HOST)";
				CODE_SIGN_STYLE = Automatic;
				DEVELOPMENT_TEAM = AMK76847UA;
				INFOPLIST_FILE = RedditTests/Info.plist;
				LD_RUNPATH_SEARCH_PATHS = (
					"$(inherited)",
					"@executable_path/Frameworks",
					"@loader_path/Frameworks",
				);
				PRODUCT_BUNDLE_IDENTIFIER = com.juanortiz.reddit.RedditTests;
				PRODUCT_NAME = "$(TARGET_NAME)";
				SWIFT_VERSION = 4.2;
				TARGETED_DEVICE_FAMILY = "1,2";
				TEST_HOST = "$(BUILT_PRODUCTS_DIR)/Reddit.app/Reddit";
			};
			name = Debug;
		};
		17EA70C7226B78D40012B2DF /* Release */ = {
			isa = XCBuildConfiguration;
			baseConfigurationReference = 2F6C63325009568690B46D13 /* Pods-RedditTests.release.xcconfig */;
			buildSettings = {
				ALWAYS_EMBED_SWIFT_STANDARD_LIBRARIES = YES;
				BUNDLE_LOADER = "$(TEST_HOST)";
				CODE_SIGN_STYLE = Automatic;
				DEVELOPMENT_TEAM = AMK76847UA;
				INFOPLIST_FILE = RedditTests/Info.plist;
				LD_RUNPATH_SEARCH_PATHS = (
					"$(inherited)",
					"@executable_path/Frameworks",
					"@loader_path/Frameworks",
				);
				PRODUCT_BUNDLE_IDENTIFIER = com.juanortiz.reddit.RedditTests;
				PRODUCT_NAME = "$(TARGET_NAME)";
				SWIFT_VERSION = 4.2;
				TARGETED_DEVICE_FAMILY = "1,2";
				TEST_HOST = "$(BUILT_PRODUCTS_DIR)/Reddit.app/Reddit";
			};
			name = Release;
		};
/* End XCBuildConfiguration section */

/* Begin XCConfigurationList section */
		17EA70A0226B78D20012B2DF /* Build configuration list for PBXProject "Reddit" */ = {
			isa = XCConfigurationList;
			buildConfigurations = (
				17EA70C0226B78D40012B2DF /* Debug */,
				17EA70C1226B78D40012B2DF /* Release */,
			);
			defaultConfigurationIsVisible = 0;
			defaultConfigurationName = Release;
		};
		17EA70C2226B78D40012B2DF /* Build configuration list for PBXNativeTarget "Reddit" */ = {
			isa = XCConfigurationList;
			buildConfigurations = (
				17EA70C3226B78D40012B2DF /* Debug */,
				17EA70C4226B78D40012B2DF /* Release */,
			);
			defaultConfigurationIsVisible = 0;
			defaultConfigurationName = Release;
		};
		17EA70C5226B78D40012B2DF /* Build configuration list for PBXNativeTarget "RedditTests" */ = {
			isa = XCConfigurationList;
			buildConfigurations = (
				17EA70C6226B78D40012B2DF /* Debug */,
				17EA70C7226B78D40012B2DF /* Release */,
			);
			defaultConfigurationIsVisible = 0;
			defaultConfigurationName = Release;
		};
/* End XCConfigurationList section */
	};
	rootObject = 17EA709D226B78D20012B2DF /* Project object */;
}
